
Microsoft Visual Studio Solution File, Format Version 12.00
# Visual Studio Version 17
VisualStudioVersion = 17.12.35527.113
MinimumVisualStudioVersion = 10.0.40219.1
Project("{8BC9CEB8-8B4A-11D0-8D11-00A0C91BC942}") = "IPcalc", "IPcalc\IPcalc.vcxproj", "{BD2DF584-BD7A-4E47-871F-F9472EB980C4}"
EndProject
Project("{8BC9CEB8-8B4A-11D0-8D11-00A0C91BC942}") = "WinSockClient", "WinSockClient\WinSockClient.vcxproj", "{9631BDDB-42BC-4C7D-93CE-9CBF2494A38F}"
EndProject
Project("{8BC9CEB8-8B4A-11D0-8D11-00A0C91BC942}") = "WinSockServer", "WinSockServer\WinSockServer.vcxproj", "{39BD5457-1D54-454D-A9F6-F15068CD13B6}"
EndProject
Project("{FAE04EC0-301F-11D3-BF4B-00C04F79EFBC}") = "IPcalcWPF", "IPcalcWPF\IPcalcWPF.csproj", "{3EF4EBD7-49FD-4149-BC33-58540DDBAE5F}"
EndProject
Project("{8BC9CEB8-8B4A-11D0-8D11-00A0C91BC942}") = "FormatLastError", "FormatLastError\FormatLastError.vcxproj", "{C7CED1BA-2E74-4C14-B34F-FB63F06D18A5}"
EndProject
Global
	GlobalSection(SolutionConfigurationPlatforms) = preSolution
		Debug|Any CPU = Debug|Any CPU
		Debug|x64 = Debug|x64
		Debug|x86 = Debug|x86
		Release|Any CPU = Release|Any CPU
		Release|x64 = Release|x64
		Release|x86 = Release|x86
	EndGlobalSection
	GlobalSection(ProjectConfigurationPlatforms) = postSolution
		{BD2DF584-BD7A-4E47-871F-F9472EB980C4}.Debug|Any CPU.ActiveCfg = Debug|x64
		{BD2DF584-BD7A-4E47-871F-F9472EB980C4}.Debug|Any CPU.Build.0 = Debug|x64
		{BD2DF584-BD7A-4E47-871F-F9472EB980C4}.Debug|x64.ActiveCfg = Debug|x64
		{BD2DF584-BD7A-4E47-871F-F9472EB980C4}.Debug|x64.Build.0 = Debug|x64
		{BD2DF584-BD7A-4E47-871F-F9472EB980C4}.Debug|x86.ActiveCfg = Debug|Win32
		{BD2DF584-BD7A-4E47-871F-F9472EB980C4}.Debug|x86.Build.0 = Debug|Win32
		{BD2DF584-BD7A-4E47-871F-F9472EB980C4}.Release|Any CPU.ActiveCfg = Release|x64
		{BD2DF584-BD7A-4E47-871F-F9472EB980C4}.Release|Any CPU.Build.0 = Release|x64
		{BD2DF584-BD7A-4E47-871F-F9472EB980C4}.Release|x64.ActiveCfg = Release|x64
		{BD2DF584-BD7A-4E47-871F-F9472EB980C4}.Release|x64.Build.0 = Release|x64
		{BD2DF584-BD7A-4E47-871F-F9472EB980C4}.Release|x86.ActiveCfg = Release|Win32
		{BD2DF584-BD7A-4E47-871F-F9472EB980C4}.Release|x86.Build.0 = Release|Win32
		{9631BDDB-42BC-4C7D-93CE-9CBF2494A38F}.Debug|Any CPU.ActiveCfg = Debug|x64
		{9631BDDB-42BC-4C7D-93CE-9CBF2494A38F}.Debug|Any CPU.Build.0 = Debug|x64
		{9631BDDB-42BC-4C7D-93CE-9CBF2494A38F}.Debug|x64.ActiveCfg = Debug|x64
		{9631BDDB-42BC-4C7D-93CE-9CBF2494A38F}.Debug|x64.Build.0 = Debug|x64
		{9631BDDB-42BC-4C7D-93CE-9CBF2494A38F}.Debug|x86.ActiveCfg = Debug|Win32
		{9631BDDB-42BC-4C7D-93CE-9CBF2494A38F}.Debug|x86.Build.0 = Debug|Win32
		{9631BDDB-42BC-4C7D-93CE-9CBF2494A38F}.Release|Any CPU.ActiveCfg = Release|x64
		{9631BDDB-42BC-4C7D-93CE-9CBF2494A38F}.Release|Any CPU.Build.0 = Release|x64
		{9631BDDB-42BC-4C7D-93CE-9CBF2494A38F}.Release|x64.ActiveCfg = Release|x64
		{9631BDDB-42BC-4C7D-93CE-9CBF2494A38F}.Release|x64.Build.0 = Release|x64
		{9631BDDB-42BC-4C7D-93CE-9CBF2494A38F}.Release|x86.ActiveCfg = Release|Win32
		{9631BDDB-42BC-4C7D-93CE-9CBF2494A38F}.Release|x86.Build.0 = Release|Win32
		{39BD5457-1D54-454D-A9F6-F15068CD13B6}.Debug|Any CPU.ActiveCfg = Debug|x64
		{39BD5457-1D54-454D-A9F6-F15068CD13B6}.Debug|Any CPU.Build.0 = Debug|x64
		{39BD5457-1D54-454D-A9F6-F15068CD13B6}.Debug|x64.ActiveCfg = Debug|x64
		{39BD5457-1D54-454D-A9F6-F15068CD13B6}.Debug|x64.Build.0 = Debug|x64
		{39BD5457-1D54-454D-A9F6-F15068CD13B6}.Debug|x86.ActiveCfg = Debug|Win32
		{39BD5457-1D54-454D-A9F6-F15068CD13B6}.Debug|x86.Build.0 = Debug|Win32
		{39BD5457-1D54-454D-A9F6-F15068CD13B6}.Release|Any CPU.ActiveCfg = Release|x64
		{39BD5457-1D54-454D-A9F6-F15068CD13B6}.Release|Any CPU.Build.0 = Release|x64
		{39BD5457-1D54-454D-A9F6-F15068CD13B6}.Release|x64.ActiveCfg = Release|x64
		{39BD5457-1D54-454D-A9F6-F15068CD13B6}.Release|x64.Build.0 = Release|x64
		{39BD5457-1D54-454D-A9F6-F15068CD13B6}.Release|x86.ActiveCfg = Release|Win32
		{39BD5457-1D54-454D-A9F6-F15068CD13B6}.Release|x86.Build.0 = Release|Win32
		{3EF4EBD7-49FD-4149-BC33-58540DDBAE5F}.Debug|Any CPU.ActiveCfg = Debug|Any CPU
		{3EF4EBD7-49FD-4149-BC33-58540DDBAE5F}.Debug|Any CPU.Build.0 = Debug|Any CPU
		{3EF4EBD7-49FD-4149-BC33-58540DDBAE5F}.Debug|x64.ActiveCfg = Debug|Any CPU
		{3EF4EBD7-49FD-4149-BC33-58540DDBAE5F}.Debug|x64.Build.0 = Debug|Any CPU
		{3EF4EBD7-49FD-4149-BC33-58540DDBAE5F}.Debug|x86.ActiveCfg = Debug|Any CPU
		{3EF4EBD7-49FD-4149-BC33-58540DDBAE5F}.Debug|x86.Build.0 = Debug|Any CPU
		{3EF4EBD7-49FD-4149-BC33-58540DDBAE5F}.Release|Any CPU.ActiveCfg = Release|Any CPU
		{3EF4EBD7-49FD-4149-BC33-58540DDBAE5F}.Release|Any CPU.Build.0 = Release|Any CPU
		{3EF4EBD7-49FD-4149-BC33-58540DDBAE5F}.Release|x64.ActiveCfg = Release|Any CPU
		{3EF4EBD7-49FD-4149-BC33-58540DDBAE5F}.Release|x64.Build.0 = Release|Any CPU
		{3EF4EBD7-49FD-4149-BC33-58540DDBAE5F}.Release|x86.ActiveCfg = Release|Any CPU
		{3EF4EBD7-49FD-4149-BC33-58540DDBAE5F}.Release|x86.Build.0 = Release|Any CPU
		{C7CED1BA-2E74-4C14-B34F-FB63F06D18A5}.Debug|Any CPU.ActiveCfg = Debug|x64
		{C7CED1BA-2E74-4C14-B34F-FB63F06D18A5}.Debug|Any CPU.Build.0 = Debug|x64
		{C7CED1BA-2E74-4C14-B34F-FB63F06D18A5}.Debug|x64.ActiveCfg = Debug|x64
		{C7CED1BA-2E74-4C14-B34F-FB63F06D18A5}.Debug|x64.Build.0 = Debug|x64
		{C7CED1BA-2E74-4C14-B34F-FB63F06D18A5}.Debug|x86.ActiveCfg = Debug|Win32
		{C7CED1BA-2E74-4C14-B34F-FB63F06D18A5}.Debug|x86.Build.0 = Debug|Win32
		{C7CED1BA-2E74-4C14-B34F-FB63F06D18A5}.Release|Any CPU.ActiveCfg = Release|x64
		{C7CED1BA-2E74-4C14-B34F-FB63F06D18A5}.Release|Any CPU.Build.0 = Release|x64
		{C7CED1BA-2E74-4C14-B34F-FB63F06D18A5}.Release|x64.ActiveCfg = Release|x64
		{C7CED1BA-2E74-4C14-B34F-FB63F06D18A5}.Release|x64.Build.0 = Release|x64
		{C7CED1BA-2E74-4C14-B34F-FB63F06D18A5}.Release|x86.ActiveCfg = Release|Win32
		{C7CED1BA-2E74-4C14-B34F-FB63F06D18A5}.Release|x86.Build.0 = Release|Win32
	EndGlobalSection
	GlobalSection(SolutionProperties) = preSolution
		HideSolutionNode = FALSE
	EndGlobalSection
EndGlobal
